
Microsoft Visual Studio Solution File, Format Version 12.00
# Visual Studio Version 17
VisualStudioVersion = 17.2.32616.157
MinimumVisualStudioVersion = 10.0.40219.1
Project("{888888A0-9F3D-457C-B088-3A5042F75D52}") = "Lotto Picker", "Lotto Picker.pyproj", "{0E39DE23-DC04-4D73-B13A-BB92CC939632}"
EndProject
Global
	GlobalSection(SolutionConfigurationPlatforms) = preSolution
		Debug|Any CPU = Debug|Any CPU
		Release|Any CPU = Release|Any CPU
	EndGlobalSection
	GlobalSection(ProjectConfigurationPlatforms) = postSolution
		{0E39DE23-DC04-4D73-B13A-BB92CC939632}.Debug|Any CPU.ActiveCfg = Debug|Any CPU
		{0E39DE23-DC04-4D73-B13A-BB92CC939632}.Release|Any CPU.ActiveCfg = Release|Any CPU
	EndGlobalSection
	GlobalSection(SolutionProperties) = preSolution
		HideSolutionNode = FALSE
	EndGlobalSection
	GlobalSection(ExtensibilityGlobals) = postSolution
		SolutionGuid = {77DB3BBC-3D16-4AC5-8FEE-400105D9C72C}
	EndGlobalSection
EndGlobal
